
Microsoft Visual Studio Solution File, Format Version 12.00
# Visual Studio Version 17
VisualStudioVersion = 17.13.35818.85 d17.13
MinimumVisualStudioVersion = 10.0.40219.1
Project("{8BC9CEB8-8B4A-11D0-8D11-00A0C91BC942}") = "cpp_auto", "cpp_auto.vcxproj", "{E5BD479A-7C81-427D-897D-38F20CBEAD19}"
EndProject
Global
	GlobalSection(SolutionConfigurationPlatforms) = preSolution
		Debug|x64 = Debug|x64
		Debug|x86 = Debug|x86
		Release|x64 = Release|x64
		Release|x86 = Release|x86
	EndGlobalSection
	GlobalSection(ProjectConfigurationPlatforms) = postSolution
		{E5BD479A-7C81-427D-897D-38F20CBEAD19}.Debug|x64.ActiveCfg = Debug|x64
		{E5BD479A-7C81-427D-897D-38F20CBEAD19}.Debug|x64.Build.0 = Debug|x64
		{E5BD479A-7C81-427D-897D-38F20CBEAD19}.Debug|x86.ActiveCfg = Debug|Win32
		{E5BD479A-7C81-427D-897D-38F20CBEAD19}.Debug|x86.Build.0 = Debug|Win32
		{E5BD479A-7C81-427D-897D-38F20CBEAD19}.Release|x64.ActiveCfg = Release|x64
		{E5BD479A-7C81-427D-897D-38F20CBEAD19}.Release|x64.Build.0 = Release|x64
		{E5BD479A-7C81-427D-897D-38F20CBEAD19}.Release|x86.ActiveCfg = Release|Win32
		{E5BD479A-7C81-427D-897D-38F20CBEAD19}.Release|x86.Build.0 = Release|Win32
	EndGlobalSection
	GlobalSection(SolutionProperties) = preSolution
		HideSolutionNode = FALSE
	EndGlobalSection
	GlobalSection(ExtensibilityGlobals) = postSolution
		SolutionGuid = {AD6724E6-9094-4C32-A98F-0F542C2B464F}
	EndGlobalSection
EndGlobal
